// !$*UTF8*$!
{
	archiveVersion = 1;
	classes = {
	};
	objectVersion = 50;
	objects = {

/* Begin PBXBuildFile section */
		32368139262F7360001D0823 /* CreateSetViewController.swift in Sources */ = {isa = PBXBuildFile; fileRef = 32368138262F7360001D0823 /* CreateSetViewController.swift */; };
		3236813C262F73FC001D0823 /* StudyViewController.swift in Sources */ = {isa = PBXBuildFile; fileRef = 3236813B262F73FC001D0823 /* StudyViewController.swift */; };
		324ED8E5261CF65400081344 /* AppDelegate.swift in Sources */ = {isa = PBXBuildFile; fileRef = 324ED8E4261CF65400081344 /* AppDelegate.swift */; };
		324ED8E7261CF65400081344 /* SceneDelegate.swift in Sources */ = {isa = PBXBuildFile; fileRef = 324ED8E6261CF65400081344 /* SceneDelegate.swift */; };
		324ED8E9261CF65400081344 /* ViewController.swift in Sources */ = {isa = PBXBuildFile; fileRef = 324ED8E8261CF65400081344 /* ViewController.swift */; };
		324ED8EC261CF65400081344 /* Main.storyboard in Resources */ = {isa = PBXBuildFile; fileRef = 324ED8EA261CF65400081344 /* Main.storyboard */; };
		324ED8EE261CF65700081344 /* Assets.xcassets in Resources */ = {isa = PBXBuildFile; fileRef = 324ED8ED261CF65700081344 /* Assets.xcassets */; };
		324ED8F1261CF65700081344 /* LaunchScreen.storyboard in Resources */ = {isa = PBXBuildFile; fileRef = 324ED8EF261CF65700081344 /* LaunchScreen.storyboard */; };
		8EF0D13C262F77A700A4609B /* TableViewController.swift in Sources */ = {isa = PBXBuildFile; fileRef = 8EF0D13B262F77A700A4609B /* TableViewController.swift */; };
/* End PBXBuildFile section */

/* Begin PBXFileReference section */
		32368138262F7360001D0823 /* CreateSetViewController.swift */ = {isa = PBXFileReference; lastKnownFileType = sourcecode.swift; path = CreateSetViewController.swift; sourceTree = "<group>"; };
		3236813B262F73FC001D0823 /* StudyViewController.swift */ = {isa = PBXFileReference; lastKnownFileType = sourcecode.swift; path = StudyViewController.swift; sourceTree = "<group>"; };
		324ED8E1261CF65400081344 /* Cowboy Cards!.app */ = {isa = PBXFileReference; explicitFileType = wrapper.application; includeInIndex = 0; path = "Cowboy Cards!.app"; sourceTree = BUILT_PRODUCTS_DIR; };
		324ED8E4261CF65400081344 /* AppDelegate.swift */ = {isa = PBXFileReference; lastKnownFileType = sourcecode.swift; path = AppDelegate.swift; sourceTree = "<group>"; };
		324ED8E6261CF65400081344 /* SceneDelegate.swift */ = {isa = PBXFileReference; lastKnownFileType = sourcecode.swift; path = SceneDelegate.swift; sourceTree = "<group>"; };
		324ED8E8261CF65400081344 /* ViewController.swift */ = {isa = PBXFileReference; lastKnownFileType = sourcecode.swift; path = ViewController.swift; sourceTree = "<group>"; };
		324ED8EB261CF65400081344 /* Base */ = {isa = PBXFileReference; lastKnownFileType = file.storyboard; name = Base; path = Base.lproj/Main.storyboard; sourceTree = "<group>"; };
		324ED8ED261CF65700081344 /* Assets.xcassets */ = {isa = PBXFileReference; lastKnownFileType = folder.assetcatalog; path = Assets.xcassets; sourceTree = "<group>"; };
		324ED8F0261CF65700081344 /* Base */ = {isa = PBXFileReference; lastKnownFileType = file.storyboard; name = Base; path = Base.lproj/LaunchScreen.storyboard; sourceTree = "<group>"; };
		324ED8F2261CF65700081344 /* Info.plist */ = {isa = PBXFileReference; lastKnownFileType = text.plist.xml; path = Info.plist; sourceTree = "<group>"; };
		8EF0D13B262F77A700A4609B /* TableViewController.swift */ = {isa = PBXFileReference; lastKnownFileType = sourcecode.swift; path = TableViewController.swift; sourceTree = "<group>"; };
/* End PBXFileReference section */

/* Begin PBXFrameworksBuildPhase section */
		324ED8DE261CF65400081344 /* Frameworks */ = {
			isa = PBXFrameworksBuildPhase;
			buildActionMask = 2147483647;
			files = (
			);
			runOnlyForDeploymentPostprocessing = 0;
		};
/* End PBXFrameworksBuildPhase section */

/* Begin PBXGroup section */
		324ED8D8261CF65400081344 = {
			isa = PBXGroup;
			children = (
				3236813B262F73FC001D0823 /* StudyViewController.swift */,
				32368138262F7360001D0823 /* CreateSetViewController.swift */,
				324ED8E3261CF65400081344 /* Cowboy Cards! */,
				324ED8E2261CF65400081344 /* Products */,
			);
			sourceTree = "<group>";
		};
		324ED8E2261CF65400081344 /* Products */ = {
			isa = PBXGroup;
			children = (
				324ED8E1261CF65400081344 /* Cowboy Cards!.app */,
			);
			name = Products;
			sourceTree = "<group>";
		};
		324ED8E3261CF65400081344 /* Cowboy Cards! */ = {
			isa = PBXGroup;
			children = (
				324ED8E4261CF65400081344 /* AppDelegate.swift */,
				324ED8E6261CF65400081344 /* SceneDelegate.swift */,
				8EF0D13B262F77A700A4609B /* TableViewController.swift */,
				324ED8E8261CF65400081344 /* ViewController.swift */,
				324ED8EA261CF65400081344 /* Main.storyboard */,
				324ED8ED261CF65700081344 /* Assets.xcassets */,
				324ED8EF261CF65700081344 /* LaunchScreen.storyboard */,
				324ED8F2261CF65700081344 /* Info.plist */,
			);
			path = "Cowboy Cards!";
			sourceTree = "<group>";
		};
/* End PBXGroup section */

/* Begin PBXNativeTarget section */
		324ED8E0261CF65400081344 /* Cowboy Cards! */ = {
			isa = PBXNativeTarget;
			buildConfigurationList = 324ED8F5261CF65700081344 /* Build configuration list for PBXNativeTarget "Cowboy Cards!" */;
			buildPhases = (
				324ED8DD261CF65400081344 /* Sources */,
				324ED8DE261CF65400081344 /* Frameworks */,
				324ED8DF261CF65400081344 /* Resources */,
			);
			buildRules = (
			);
			dependencies = (
			);
			name = "Cowboy Cards!";
			productName = "Cowboy Cards!";
			productReference = 324ED8E1261CF65400081344 /* Cowboy Cards!.app */;
			productType = "com.apple.product-type.application";
		};
/* End PBXNativeTarget section */

/* Begin PBXProject section */
		324ED8D9261CF65400081344 /* Project object */ = {
			isa = PBXProject;
			attributes = {
				LastSwiftUpdateCheck = 1240;
				LastUpgradeCheck = 1240;
				TargetAttributes = {
					324ED8E0261CF65400081344 = {
						CreatedOnToolsVersion = 12.4;
					};
				};
			};
			buildConfigurationList = 324ED8DC261CF65400081344 /* Build configuration list for PBXProject "Cowboy Cards!" */;
			compatibilityVersion = "Xcode 9.3";
			developmentRegion = en;
			hasScannedForEncodings = 0;
			knownRegions = (
				en,
				Base,
			);
			mainGroup = 324ED8D8261CF65400081344;
			productRefGroup = 324ED8E2261CF65400081344 /* Products */;
			projectDirPath = "";
			projectRoot = "";
			targets = (
				324ED8E0261CF65400081344 /* Cowboy Cards! */,
			);
		};
/* End PBXProject section */

/* Begin PBXResourcesBuildPhase section */
		324ED8DF261CF65400081344 /* Resources */ = {
			isa = PBXResourcesBuildPhase;
			buildActionMask = 2147483647;
			files = (
				324ED8F1261CF65700081344 /* LaunchScreen.storyboard in Resources */,
				324ED8EE261CF65700081344 /* Assets.xcassets in Resources */,
				324ED8EC261CF65400081344 /* Main.storyboard in Resources */,
			);
			runOnlyForDeploymentPostprocessing = 0;
		};
/* End PBXResourcesBuildPhase section */

/* Begin PBXSourcesBuildPhase section */
		324ED8DD261CF65400081344 /* Sources */ = {
			isa = PBXSourcesBuildPhase;
			buildActionMask = 2147483647;
			files = (
				3236813C262F73FC001D0823 /* StudyViewController.swift in Sources */,
				8EF0D13C262F77A700A4609B /* TableViewController.swift in Sources */,
				324ED8E9261CF65400081344 /* ViewController.swift in Sources */,
				324ED8E5261CF65400081344 /* AppDelegate.swift in Sources */,
				324ED8E7261CF65400081344 /* SceneDelegate.swift in Sources */,
				32368139262F7360001D0823 /* CreateSetViewController.swift in Sources */,
			);
			runOnlyForDeploymentPostprocessing = 0;
		};
/* End PBXSourcesBuildPhase section */

/* Begin PBXVariantGroup section */
		324ED8EA261CF65400081344 /* Main.storyboard */ = {
			isa = PBXVariantGroup;
			children = (
				324ED8EB261CF65400081344 /* Base */,
			);
			name = Main.storyboard;
			sourceTree = "<group>";
		};
		324ED8EF261CF65700081344 /* LaunchScreen.storyboard */ = {
			isa = PBXVariantGroup;
			children = (
				324ED8F0261CF65700081344 /* Base */,
			);
			name = LaunchScreen.storyboard;
			sourceTree = "<group>";
		};
/* End PBXVariantGroup section */

/* Begin XCBuildConfiguration section */
		324ED8F3261CF65700081344 /* Debug */ = {
			isa = XCBuildConfiguration;
			buildSettings = {
				ALWAYS_SEARCH_USER_PATHS = NO;
				CLANG_ANALYZER_NONNULL = YES;
				CLANG_ANALYZER_NUMBER_OBJECT_CONVERSION = YES_AGGRESSIVE;
				CLANG_CXX_LANGUAGE_STANDARD = "gnu++14";
				CLANG_CXX_LIBRARY = "libc++";
				CLANG_ENABLE_MODULES = YES;
				CLANG_ENABLE_OBJC_ARC = YES;
				CLANG_ENABLE_OBJC_WEAK = YES;
				CLANG_WARN_BLOCK_CAPTURE_AUTORELEASING = YES;
				CLANG_WARN_BOOL_CONVERSION = YES;
				CLANG_WARN_COMMA = YES;
				CLANG_WARN_CONSTANT_CONVERSION = YES;
				CLANG_WARN_DEPRECATED_OBJC_IMPLEMENTATIONS = YES;
				CLANG_WARN_DIRECT_OBJC_ISA_USAGE = YES_ERROR;
				CLANG_WARN_DOCUMENTATION_COMMENTS = YES;
				CLANG_WARN_EMPTY_BODY = YES;
				CLANG_WARN_ENUM_CONVERSION = YES;
				CLANG_WARN_INFINITE_RECURSION = YES;
				CLANG_WARN_INT_CONVERSION = YES;
				CLANG_WARN_NON_LITERAL_NULL_CONVERSION = YES;
				CLANG_WARN_OBJC_IMPLICIT_RETAIN_SELF = YES;
				CLANG_WARN_OBJC_LITERAL_CONVERSION = YES;
				CLANG_WARN_OBJC_ROOT_CLASS = YES_ERROR;
				CLANG_WARN_QUOTED_INCLUDE_IN_FRAMEWORK_HEADER = YES;
				CLANG_WARN_RANGE_LOOP_ANALYSIS = YES;
				CLANG_WARN_STRICT_PROTOTYPES = YES;
				CLANG_WARN_SUSPICIOUS_MOVE = YES;
				CLANG_WARN_UNGUARDED_AVAILABILITY = YES_AGGRESSIVE;
				CLANG_WARN_UNREACHABLE_CODE = YES;
				CLANG_WARN__DUPLICATE_METHOD_MATCH = YES;
				COPY_PHASE_STRIP = NO;
				DEBUG_INFORMATION_FORMAT = dwarf;
				ENABLE_STRICT_OBJC_MSGSEND = YES;
				ENABLE_TESTABILITY = YES;
				GCC_C_LANGUAGE_STANDARD = gnu11;
				GCC_DYNAMIC_NO_PIC = NO;
				GCC_NO_COMMON_BLOCKS = YES;
				GCC_OPTIMIZATION_LEVEL = 0;
				GCC_PREPROCESSOR_DEFINITIONS = (
					"DEBUG=1",
					"$(inherited)",
				);
				GCC_WARN_64_TO_32_BIT_CONVERSION = YES;
				GCC_WARN_ABOUT_RETURN_TYPE = YES_ERROR;
				GCC_WARN_UNDECLARED_SELECTOR = YES;
				GCC_WARN_UNINITIALIZED_AUTOS = YES_AGGRESSIVE;
				GCC_WARN_UNUSED_FUNCTION = YES;
				GCC_WARN_UNUSED_VARIABLE = YES;
				IPHONEOS_DEPLOYMENT_TARGET = 14.4;
				MTL_ENABLE_DEBUG_INFO = INCLUDE_SOURCE;
				MTL_FAST_MATH = YES;
				ONLY_ACTIVE_ARCH = YES;
				SDKROOT = iphoneos;
				SWIFT_ACTIVE_COMPILATION_CONDITIONS = DEBUG;
				SWIFT_OPTIMIZATION_LEVEL = "-Onone";
			};
			name = Debug;
		};
		324ED8F4261CF65700081344 /* Release */ = {
			isa = XCBuildConfiguration;
			buildSettings = {
				ALWAYS_SEARCH_USER_PATHS = NO;
				CLANG_ANALYZER_NONNULL = YES;
				CLANG_ANALYZER_NUMBER_OBJECT_CONVERSION = YES_AGGRESSIVE;
				CLANG_CXX_LANGUAGE_STANDARD = "gnu++14";
				CLANG_CXX_LIBRARY = "libc++";
				CLANG_ENABLE_MODULES = YES;
				CLANG_ENABLE_OBJC_ARC = YES;
				CLANG_ENABLE_OBJC_WEAK = YES;
				CLANG_WARN_BLOCK_CAPTURE_AUTORELEASING = YES;
				CLANG_WARN_BOOL_CONVERSION = YES;
				CLANG_WARN_COMMA = YES;
				CLANG_WARN_CONSTANT_CONVERSION = YES;
				CLANG_WARN_DEPRECATED_OBJC_IMPLEMENTATIONS = YES;
				CLANG_WARN_DIRECT_OBJC_ISA_USAGE = YES_ERROR;
				CLANG_WARN_DOCUMENTATION_COMMENTS = YES;
				CLANG_WARN_EMPTY_BODY = YES;
				CLANG_WARN_ENUM_CONVERSION = YES;
				CLANG_WARN_INFINITE_RECURSION = YES;
				CLANG_WARN_INT_CONVERSION = YES;
				CLANG_WARN_NON_LITERAL_NULL_CONVERSION = YES;
				CLANG_WARN_OBJC_IMPLICIT_RETAIN_SELF = YES;
				CLANG_WARN_OBJC_LITERAL_CONVERSION = YES;
				CLANG_WARN_OBJC_ROOT_CLASS = YES_ERROR;
				CLANG_WARN_QUOTED_INCLUDE_IN_FRAMEWORK_HEADER = YES;
				CLANG_WARN_RANGE_LOOP_ANALYSIS = YES;
				CLANG_WARN_STRICT_PROTOTYPES = YES;
				CLANG_WARN_SUSPICIOUS_MOVE = YES;
				CLANG_WARN_UNGUARDED_AVAILABILITY = YES_AGGRESSIVE;
				CLANG_WARN_UNREACHABLE_CODE = YES;
				CLANG_WARN__DUPLICATE_METHOD_MATCH = YES;
				COPY_PHASE_STRIP = NO;
				DEBUG_INFORMATION_FORMAT = "dwarf-with-dsym";
				ENABLE_NS_ASSERTIONS = NO;
				ENABLE_STRICT_OBJC_MSGSEND = YES;
				GCC_C_LANGUAGE_STANDARD = gnu11;
				GCC_NO_COMMON_BLOCKS = YES;
				GCC_WARN_64_TO_32_BIT_CONVERSION = YES;
				GCC_WARN_ABOUT_RETURN_TYPE = YES_ERROR;
				GCC_WARN_UNDECLARED_SELECTOR = YES;
				GCC_WARN_UNINITIALIZED_AUTOS = YES_AGGRESSIVE;
				GCC_WARN_UNUSED_FUNCTION = YES;
				GCC_WARN_UNUSED_VARIABLE = YES;
				IPHONEOS_DEPLOYMENT_TARGET = 14.4;
				MTL_ENABLE_DEBUG_INFO = NO;
				MTL_FAST_MATH = YES;
				SDKROOT = iphoneos;
				SWIFT_COMPILATION_MODE = wholemodule;
				SWIFT_OPTIMIZATION_LEVEL = "-O";
				VALIDATE_PRODUCT = YES;
			};
			name = Release;
		};
		324ED8F6261CF65700081344 /* Debug */ = {
			isa = XCBuildConfiguration;
			buildSettings = {
				ASSETCATALOG_COMPILER_APPICON_NAME = AppIcon;
				ASSETCATALOG_COMPILER_GLOBAL_ACCENT_COLOR_NAME = AccentColor;
				CODE_SIGN_STYLE = Automatic;
				DEVELOPMENT_TEAM = FU5874BN54;
				INFOPLIST_FILE = "Cowboy Cards!/Info.plist";
				IPHONEOS_DEPLOYMENT_TARGET = 14.3;
				LD_RUNPATH_SEARCH_PATHS = (
					"$(inherited)",
					"@executable_path/Frameworks",
				);
				PRODUCT_BUNDLE_IDENTIFIER = "com.Decoreyon.Cowboy-Cards-";
				PRODUCT_NAME = "$(TARGET_NAME)";
				SWIFT_VERSION = 5.0;
				TARGETED_DEVICE_FAMILY = "1,2";
			};
			name = Debug;
		};
		324ED8F7261CF65700081344 /* Release */ = {
			isa = XCBuildConfiguration;
			buildSettings = {
				ASSETCATALOG_COMPILER_APPICON_NAME = AppIcon;
				ASSETCATALOG_COMPILER_GLOBAL_ACCENT_COLOR_NAME = AccentColor;
				CODE_SIGN_STYLE = Automatic;
				DEVELOPMENT_TEAM = FU5874BN54;
				INFOPLIST_FILE = "Cowboy Cards!/Info.plist";
				IPHONEOS_DEPLOYMENT_TARGET = 14.3;
				LD_RUNPATH_SEARCH_PATHS = (
					"$(inherited)",
					"@executable_path/Frameworks",
				);
				PRODUCT_BUNDLE_IDENTIFIER = "com.Decoreyon.Cowboy-Cards-";
				PRODUCT_NAME = "$(TARGET_NAME)";
				SWIFT_VERSION = 5.0;
				TARGETED_DEVICE_FAMILY = "1,2";
			};
			name = Release;
		};
/* End XCBuildConfiguration section */

/* Begin XCConfigurationList section */
		324ED8DC261CF65400081344 /* Build configuration list for PBXProject "Cowboy Cards!" */ = {
			isa = XCConfigurationList;
			buildConfigurations = (
				324ED8F3261CF65700081344 /* Debug */,
				324ED8F4261CF65700081344 /* Release */,
			);
			defaultConfigurationIsVisible = 0;
			defaultConfigurationName = Release;
		};
		324ED8F5261CF65700081344 /* Build configuration list for PBXNativeTarget "Cowboy Cards!" */ = {
			isa = XCConfigurationList;
			buildConfigurations = (
				324ED8F6261CF65700081344 /* Debug */,
				324ED8F7261CF65700081344 /* Release */,
			);
			defaultConfigurationIsVisible = 0;
			defaultConfigurationName = Release;
		};
/* End XCConfigurationList section */
	};
	rootObject = 324ED8D9261CF65400081344 /* Project object */;
}
